// !$*UTF8*$!
{
	archiveVersion = 1;
	classes = {
	};
	objectVersion = 60;
	objects = {

/* Begin PBXBuildFile section */
		F0996A212C6E4F01002D0CF9 /* StringJSON in Frameworks */ = {isa = PBXBuildFile; productRef = F0996A202C6E4F01002D0CF9 /* StringJSON */; };
		F0996A232C724AA8002D0CF9 /* Styleguide.swift in Sources */ = {isa = PBXBuildFile; fileRef = F0996A222C724AA8002D0CF9 /* Styleguide.swift */; };
		F0996A272C724AD6002D0CF9 /* PrintSystemFonts.swift in Sources */ = {isa = PBXBuildFile; fileRef = F0996A262C724AD6002D0CF9 /* PrintSystemFonts.swift */; };
		F0996A292C725E45002D0CF9 /* Fonts.swift in Sources */ = {isa = PBXBuildFile; fileRef = F0996A282C725E45002D0CF9 /* Fonts.swift */; };
		F0996A2B2C725E5A002D0CF9 /* Colors.swift in Sources */ = {isa = PBXBuildFile; fileRef = F0996A2A2C725E5A002D0CF9 /* Colors.swift */; };
		F0A293712C6D276800135381 /* App.swift in Sources */ = {isa = PBXBuildFile; fileRef = F0A293702C6D276800135381 /* App.swift */; };
		F0A293732C6D276800135381 /* SampleScreen.swift in Sources */ = {isa = PBXBuildFile; fileRef = F0A293722C6D276800135381 /* SampleScreen.swift */; };
		F0A293752C6D276900135381 /* Assets.xcassets in Resources */ = {isa = PBXBuildFile; fileRef = F0A293742C6D276900135381 /* Assets.xcassets */; };
		F0A293782C6D276900135381 /* Preview Assets.xcassets in Resources */ = {isa = PBXBuildFile; fileRef = F0A293772C6D276900135381 /* Preview Assets.xcassets */; };
		F0A293892C6D29AC00135381 /* DebuggingIdentifiers.swift in Sources */ = {isa = PBXBuildFile; fileRef = F0A293882C6D29AC00135381 /* DebuggingIdentifiers.swift */; };
		F0A2938D2C6D29EF00135381 /* UIContent.swift in Sources */ = {isa = PBXBuildFile; fileRef = F0A2938C2C6D29EF00135381 /* UIContent.swift */; };
		F0A2938F2C6D29F500135381 /* Language.swift in Sources */ = {isa = PBXBuildFile; fileRef = F0A2938E2C6D29F500135381 /* Language.swift */; };
		F0A293912C6D2A2100135381 /* en.json in Resources */ = {isa = PBXBuildFile; fileRef = F0A293902C6D2A2100135381 /* en.json */; };
		F0A293932C6D2A2A00135381 /* es.json in Resources */ = {isa = PBXBuildFile; fileRef = F0A293922C6D2A2A00135381 /* es.json */; };
		F0A293972C6D2C3800135381 /* LanguageCoordinator.swift in Sources */ = {isa = PBXBuildFile; fileRef = F0A293962C6D2C3800135381 /* LanguageCoordinator.swift */; };
		F0A293992C6D2C6800135381 /* LanguageCoordinator+Generate.swift in Sources */ = {isa = PBXBuildFile; fileRef = F0A293982C6D2C6800135381 /* LanguageCoordinator+Generate.swift */; };
		F0A2939B2C6D2C6E00135381 /* LanguageCoordinator+CurrentLanguage.swift in Sources */ = {isa = PBXBuildFile; fileRef = F0A2939A2C6D2C6E00135381 /* LanguageCoordinator+CurrentLanguage.swift */; };
		F0CAC64F2C82233900A65C71 /* isSimulator.swift in Sources */ = {isa = PBXBuildFile; fileRef = F0CAC64E2C82233900A65C71 /* isSimulator.swift */; };
		F0CAC65A2C8224BF00A65C71 /* JSONToData.swift in Sources */ = {isa = PBXBuildFile; fileRef = F0CAC6592C8224BF00A65C71 /* JSONToData.swift */; };
		F0CAC65C2C8224C600A65C71 /* DataToJSON.swift in Sources */ = {isa = PBXBuildFile; fileRef = F0CAC65B2C8224C600A65C71 /* DataToJSON.swift */; };
		F0CAC65F2C82250300A65C71 /* openURL.swift in Sources */ = {isa = PBXBuildFile; fileRef = F0CAC65E2C82250300A65C71 /* openURL.swift */; };
		F0CAC6612C82251900A65C71 /* openSettings.swift in Sources */ = {isa = PBXBuildFile; fileRef = F0CAC6602C82251900A65C71 /* openSettings.swift */; };
		F0CAC6642C82254B00A65C71 /* AppReleaseInfo.swift in Sources */ = {isa = PBXBuildFile; fileRef = F0CAC6632C82254B00A65C71 /* AppReleaseInfo.swift */; };
		F0CAC66F2C8225D700A65C71 /* generateRandomColor.swift in Sources */ = {isa = PBXBuildFile; fileRef = F0CAC66E2C8225D700A65C71 /* generateRandomColor.swift */; };
		F0CAC67B2C8232B800A65C71 /* isXCodePreview.swift in Sources */ = {isa = PBXBuildFile; fileRef = F0CAC67A2C8232B800A65C71 /* isXCodePreview.swift */; };
		F0FA5D802C74F66800DD460C /* Constants.swift in Sources */ = {isa = PBXBuildFile; fileRef = F0FA5D7F2C74F66800DD460C /* Constants.swift */; };
/* End PBXBuildFile section */

/* Begin PBXFileReference section */
		F0996A222C724AA8002D0CF9 /* Styleguide.swift */ = {isa = PBXFileReference; lastKnownFileType = sourcecode.swift; path = Styleguide.swift; sourceTree = "<group>"; };
		F0996A262C724AD6002D0CF9 /* PrintSystemFonts.swift */ = {isa = PBXFileReference; lastKnownFileType = sourcecode.swift; path = PrintSystemFonts.swift; sourceTree = "<group>"; };
		F0996A282C725E45002D0CF9 /* Fonts.swift */ = {isa = PBXFileReference; lastKnownFileType = sourcecode.swift; path = Fonts.swift; sourceTree = "<group>"; };
		F0996A2A2C725E5A002D0CF9 /* Colors.swift */ = {isa = PBXFileReference; lastKnownFileType = sourcecode.swift; path = Colors.swift; sourceTree = "<group>"; };
		F0A2936D2C6D276800135381 /* SwiftUI Starter Project.app */ = {isa = PBXFileReference; explicitFileType = wrapper.application; includeInIndex = 0; path = "SwiftUI Starter Project.app"; sourceTree = BUILT_PRODUCTS_DIR; };
		F0A293702C6D276800135381 /* App.swift */ = {isa = PBXFileReference; lastKnownFileType = sourcecode.swift; path = App.swift; sourceTree = "<group>"; };
		F0A293722C6D276800135381 /* SampleScreen.swift */ = {isa = PBXFileReference; lastKnownFileType = sourcecode.swift; path = SampleScreen.swift; sourceTree = "<group>"; };
		F0A293742C6D276900135381 /* Assets.xcassets */ = {isa = PBXFileReference; lastKnownFileType = folder.assetcatalog; path = Assets.xcassets; sourceTree = "<group>"; };
		F0A293772C6D276900135381 /* Preview Assets.xcassets */ = {isa = PBXFileReference; lastKnownFileType = folder.assetcatalog; path = "Preview Assets.xcassets"; sourceTree = "<group>"; };
		F0A293882C6D29AC00135381 /* DebuggingIdentifiers.swift */ = {isa = PBXFileReference; lastKnownFileType = sourcecode.swift; path = DebuggingIdentifiers.swift; sourceTree = "<group>"; };
		F0A2938C2C6D29EF00135381 /* UIContent.swift */ = {isa = PBXFileReference; lastKnownFileType = sourcecode.swift; path = UIContent.swift; sourceTree = "<group>"; };
		F0A2938E2C6D29F500135381 /* Language.swift */ = {isa = PBXFileReference; lastKnownFileType = sourcecode.swift; path = Language.swift; sourceTree = "<group>"; };
		F0A293902C6D2A2100135381 /* en.json */ = {isa = PBXFileReference; lastKnownFileType = text.json; path = en.json; sourceTree = "<group>"; };
		F0A293922C6D2A2A00135381 /* es.json */ = {isa = PBXFileReference; lastKnownFileType = text.json; path = es.json; sourceTree = "<group>"; };
		F0A293962C6D2C3800135381 /* LanguageCoordinator.swift */ = {isa = PBXFileReference; lastKnownFileType = sourcecode.swift; path = LanguageCoordinator.swift; sourceTree = "<group>"; };
		F0A293982C6D2C6800135381 /* LanguageCoordinator+Generate.swift */ = {isa = PBXFileReference; lastKnownFileType = sourcecode.swift; path = "LanguageCoordinator+Generate.swift"; sourceTree = "<group>"; };
		F0A2939A2C6D2C6E00135381 /* LanguageCoordinator+CurrentLanguage.swift */ = {isa = PBXFileReference; lastKnownFileType = sourcecode.swift; path = "LanguageCoordinator+CurrentLanguage.swift"; sourceTree = "<group>"; };
		F0CAC64E2C82233900A65C71 /* isSimulator.swift */ = {isa = PBXFileReference; lastKnownFileType = sourcecode.swift; path = isSimulator.swift; sourceTree = "<group>"; };
		F0CAC6592C8224BF00A65C71 /* JSONToData.swift */ = {isa = PBXFileReference; lastKnownFileType = sourcecode.swift; path = JSONToData.swift; sourceTree = "<group>"; };
		F0CAC65B2C8224C600A65C71 /* DataToJSON.swift */ = {isa = PBXFileReference; lastKnownFileType = sourcecode.swift; path = DataToJSON.swift; sourceTree = "<group>"; };
		F0CAC65E2C82250300A65C71 /* openURL.swift */ = {isa = PBXFileReference; lastKnownFileType = sourcecode.swift; path = openURL.swift; sourceTree = "<group>"; };
		F0CAC6602C82251900A65C71 /* openSettings.swift */ = {isa = PBXFileReference; lastKnownFileType = sourcecode.swift; path = openSettings.swift; sourceTree = "<group>"; };
		F0CAC6632C82254B00A65C71 /* AppReleaseInfo.swift */ = {isa = PBXFileReference; lastKnownFileType = sourcecode.swift; path = AppReleaseInfo.swift; sourceTree = "<group>"; };
		F0CAC66E2C8225D700A65C71 /* generateRandomColor.swift */ = {isa = PBXFileReference; lastKnownFileType = sourcecode.swift; path = generateRandomColor.swift; sourceTree = "<group>"; };
		F0CAC67A2C8232B800A65C71 /* isXCodePreview.swift */ = {isa = PBXFileReference; lastKnownFileType = sourcecode.swift; path = isXCodePreview.swift; sourceTree = "<group>"; };
		F0FA5D7F2C74F66800DD460C /* Constants.swift */ = {isa = PBXFileReference; lastKnownFileType = sourcecode.swift; path = Constants.swift; sourceTree = "<group>"; };
/* End PBXFileReference section */

/* Begin PBXFrameworksBuildPhase section */
		F0A2936A2C6D276800135381 /* Frameworks */ = {
			isa = PBXFrameworksBuildPhase;
			buildActionMask = 2147483647;
			files = (
				F0996A212C6E4F01002D0CF9 /* StringJSON in Frameworks */,
			);
			runOnlyForDeploymentPostprocessing = 0;
		};
/* End PBXFrameworksBuildPhase section */

/* Begin PBXGroup section */
		F005E65D2C8244C000C2A5F4 /* Components */ = {
			isa = PBXGroup;
			children = (
			);
			path = Components;
			sourceTree = "<group>";
		};
		F0996A242C724ABA002D0CF9 /* Utils */ = {
			isa = PBXGroup;
			children = (
				F0CAC66D2C8225CE00A65C71 /* Color */,
				F0CAC6622C82254400A65C71 /* Bundle */,
				F0CAC65D2C8224F900A65C71 /* UIApplication */,
				F0CAC6582C8224B500A65C71 /* JSON */,
				F0CAC64D2C82233000A65C71 /* System */,
				F0996A252C724AD0002D0CF9 /* Fonts */,
			);
			path = Utils;
			sourceTree = "<group>";
		};
		F0996A252C724AD0002D0CF9 /* Fonts */ = {
			isa = PBXGroup;
			children = (
				F0996A262C724AD6002D0CF9 /* PrintSystemFonts.swift */,
			);
			path = Fonts;
			sourceTree = "<group>";
		};
		F0A293642C6D276800135381 = {
			isa = PBXGroup;
			children = (
				F0A2936F2C6D276800135381 /* SwiftUI Starter Project */,
				F0A2936E2C6D276800135381 /* Products */,
			);
			sourceTree = "<group>";
		};
		F0A2936E2C6D276800135381 /* Products */ = {
			isa = PBXGroup;
			children = (
				F0A2936D2C6D276800135381 /* SwiftUI Starter Project.app */,
			);
			name = Products;
			sourceTree = "<group>";
		};
		F0A2936F2C6D276800135381 /* SwiftUI Starter Project */ = {
			isa = PBXGroup;
			children = (
				F0996A242C724ABA002D0CF9 /* Utils */,
				F0A293852C6D297700135381 /* Models */,
				F0A293812C6D295800135381 /* Coordinators */,
				F0A2937F2C6D293F00135381 /* UI */,
				F0A293702C6D276800135381 /* App.swift */,
				F0A293742C6D276900135381 /* Assets.xcassets */,
				F0A293762C6D276900135381 /* Preview Content */,
			);
			path = "SwiftUI Starter Project";
			sourceTree = "<group>";
		};
		F0A293762C6D276900135381 /* Preview Content */ = {
			isa = PBXGroup;
			children = (
				F0A293772C6D276900135381 /* Preview Assets.xcassets */,
			);
			path = "Preview Content";
			sourceTree = "<group>";
		};
		F0A2937E2C6D293A00135381 /* Screens */ = {
			isa = PBXGroup;
			children = (
				F0A293722C6D276800135381 /* SampleScreen.swift */,
			);
			path = Screens;
			sourceTree = "<group>";
		};
		F0A2937F2C6D293F00135381 /* UI */ = {
			isa = PBXGroup;
			children = (
				F005E65D2C8244C000C2A5F4 /* Components */,
				F0A2937E2C6D293A00135381 /* Screens */,
			);
			path = UI;
			sourceTree = "<group>";
		};
		F0A293812C6D295800135381 /* Coordinators */ = {
			isa = PBXGroup;
			children = (
				F0A293842C6D296C00135381 /* LanguageCoordinator */,
				F0A293832C6D296100135381 /* Styleguide */,
				F0A293822C6D295C00135381 /* DataCoordinator */,
			);
			path = Coordinators;
			sourceTree = "<group>";
		};
		F0A293822C6D295C00135381 /* DataCoordinator */ = {
			isa = PBXGroup;
			children = (
			);
			path = DataCoordinator;
			sourceTree = "<group>";
		};
		F0A293832C6D296100135381 /* Styleguide */ = {
			isa = PBXGroup;
			children = (
				F0996A222C724AA8002D0CF9 /* Styleguide.swift */,
				F0996A282C725E45002D0CF9 /* Fonts.swift */,
				F0996A2A2C725E5A002D0CF9 /* Colors.swift */,
			);
			path = Styleguide;
			sourceTree = "<group>";
		};
		F0A293842C6D296C00135381 /* LanguageCoordinator */ = {
			isa = PBXGroup;
			children = (
				F0A293962C6D2C3800135381 /* LanguageCoordinator.swift */,
				F0A293982C6D2C6800135381 /* LanguageCoordinator+Generate.swift */,
				F0A2939A2C6D2C6E00135381 /* LanguageCoordinator+CurrentLanguage.swift */,
			);
			path = LanguageCoordinator;
			sourceTree = "<group>";
		};
		F0A293852C6D297700135381 /* Models */ = {
			isa = PBXGroup;
			children = (
				F0A293872C6D298E00135381 /* Constants */,
				F0A293862C6D297E00135381 /* LanguageContent */,
			);
			path = Models;
			sourceTree = "<group>";
		};
		F0A293862C6D297E00135381 /* LanguageContent */ = {
			isa = PBXGroup;
			children = (
				F0A2938B2C6D29DF00135381 /* Content */,
				F0A2938A2C6D29DB00135381 /* Strings */,
			);
			path = LanguageContent;
			sourceTree = "<group>";
		};
		F0A293872C6D298E00135381 /* Constants */ = {
			isa = PBXGroup;
			children = (
				F0A293882C6D29AC00135381 /* DebuggingIdentifiers.swift */,
				F0FA5D7F2C74F66800DD460C /* Constants.swift */,
			);
			path = Constants;
			sourceTree = "<group>";
		};
		F0A2938A2C6D29DB00135381 /* Strings */ = {
			isa = PBXGroup;
			children = (
				F0A293902C6D2A2100135381 /* en.json */,
				F0A293922C6D2A2A00135381 /* es.json */,
			);
			path = Strings;
			sourceTree = "<group>";
		};
		F0A2938B2C6D29DF00135381 /* Content */ = {
			isa = PBXGroup;
			children = (
				F0A2938C2C6D29EF00135381 /* UIContent.swift */,
				F0A2938E2C6D29F500135381 /* Language.swift */,
			);
			path = Content;
			sourceTree = "<group>";
		};
		F0CAC64D2C82233000A65C71 /* System */ = {
			isa = PBXGroup;
			children = (
				F0CAC64E2C82233900A65C71 /* isSimulator.swift */,
				F0CAC67A2C8232B800A65C71 /* isXCodePreview.swift */,
			);
			path = System;
			sourceTree = "<group>";
		};
		F0CAC6582C8224B500A65C71 /* JSON */ = {
			isa = PBXGroup;
			children = (
				F0CAC6592C8224BF00A65C71 /* JSONToData.swift */,
				F0CAC65B2C8224C600A65C71 /* DataToJSON.swift */,
			);
			path = JSON;
			sourceTree = "<group>";
		};
		F0CAC65D2C8224F900A65C71 /* UIApplication */ = {
			isa = PBXGroup;
			children = (
				F0CAC65E2C82250300A65C71 /* openURL.swift */,
				F0CAC6602C82251900A65C71 /* openSettings.swift */,
			);
			path = UIApplication;
			sourceTree = "<group>";
		};
		F0CAC6622C82254400A65C71 /* Bundle */ = {
			isa = PBXGroup;
			children = (
				F0CAC6632C82254B00A65C71 /* AppReleaseInfo.swift */,
			);
			path = Bundle;
			sourceTree = "<group>";
		};
		F0CAC66D2C8225CE00A65C71 /* Color */ = {
			isa = PBXGroup;
			children = (
				F0CAC66E2C8225D700A65C71 /* generateRandomColor.swift */,
			);
			path = Color;
			sourceTree = "<group>";
		};
/* End PBXGroup section */

/* Begin PBXNativeTarget section */
		F0A2936C2C6D276800135381 /* SwiftUI Starter Project */ = {
			isa = PBXNativeTarget;
			buildConfigurationList = F0A2937B2C6D276900135381 /* Build configuration list for PBXNativeTarget "SwiftUI Starter Project" */;
			buildPhases = (
				F0A293692C6D276800135381 /* Sources */,
				F0A2936A2C6D276800135381 /* Frameworks */,
				F0A2936B2C6D276800135381 /* Resources */,
			);
			buildRules = (
			);
			dependencies = (
			);
			name = "SwiftUI Starter Project";
			packageProductDependencies = (
				F0996A202C6E4F01002D0CF9 /* StringJSON */,
			);
			productName = "SwiftUI Starter Project";
			productReference = F0A2936D2C6D276800135381 /* SwiftUI Starter Project.app */;
			productType = "com.apple.product-type.application";
		};
/* End PBXNativeTarget section */

/* Begin PBXProject section */
		F0A293652C6D276800135381 /* Project object */ = {
			isa = PBXProject;
			attributes = {
				BuildIndependentTargetsInParallel = 1;
				LastSwiftUpdateCheck = 1540;
				LastUpgradeCheck = 1540;
				TargetAttributes = {
					F0A2936C2C6D276800135381 = {
						CreatedOnToolsVersion = 15.4;
					};
				};
			};
			buildConfigurationList = F0A293682C6D276800135381 /* Build configuration list for PBXProject "SwiftUI Starter Project" */;
			compatibilityVersion = "Xcode 14.0";
			developmentRegion = en;
			hasScannedForEncodings = 0;
			knownRegions = (
				en,
				Base,
			);
			mainGroup = F0A293642C6D276800135381;
			packageReferences = (
				F0996A1F2C6E4F01002D0CF9 /* XCLocalSwiftPackageReference "Macros/StringJSON" */,
			);
			productRefGroup = F0A2936E2C6D276800135381 /* Products */;
			projectDirPath = "";
			projectRoot = "";
			targets = (
				F0A2936C2C6D276800135381 /* SwiftUI Starter Project */,
			);
		};
/* End PBXProject section */

/* Begin PBXResourcesBuildPhase section */
		F0A2936B2C6D276800135381 /* Resources */ = {
			isa = PBXResourcesBuildPhase;
			buildActionMask = 2147483647;
			files = (
				F0A293932C6D2A2A00135381 /* es.json in Resources */,
				F0A293912C6D2A2100135381 /* en.json in Resources */,
				F0A293782C6D276900135381 /* Preview Assets.xcassets in Resources */,
				F0A293752C6D276900135381 /* Assets.xcassets in Resources */,
			);
			runOnlyForDeploymentPostprocessing = 0;
		};
/* End PBXResourcesBuildPhase section */

/* Begin PBXSourcesBuildPhase section */
		F0A293692C6D276800135381 /* Sources */ = {
			isa = PBXSourcesBuildPhase;
			buildActionMask = 2147483647;
			files = (
				F0CAC64F2C82233900A65C71 /* isSimulator.swift in Sources */,
				F0A293892C6D29AC00135381 /* DebuggingIdentifiers.swift in Sources */,
				F0CAC65C2C8224C600A65C71 /* DataToJSON.swift in Sources */,
				F0996A2B2C725E5A002D0CF9 /* Colors.swift in Sources */,
				F0CAC6612C82251900A65C71 /* openSettings.swift in Sources */,
				F0996A272C724AD6002D0CF9 /* PrintSystemFonts.swift in Sources */,
				F0A2938F2C6D29F500135381 /* Language.swift in Sources */,
				F0CAC66F2C8225D700A65C71 /* generateRandomColor.swift in Sources */,
				F0A293972C6D2C3800135381 /* LanguageCoordinator.swift in Sources */,
				F0A293732C6D276800135381 /* SampleScreen.swift in Sources */,
				F0A293712C6D276800135381 /* App.swift in Sources */,
				F0CAC65A2C8224BF00A65C71 /* JSONToData.swift in Sources */,
				F0FA5D802C74F66800DD460C /* Constants.swift in Sources */,
				F0996A232C724AA8002D0CF9 /* Styleguide.swift in Sources */,
				F0A293992C6D2C6800135381 /* LanguageCoordinator+Generate.swift in Sources */,
				F0CAC67B2C8232B800A65C71 /* isXCodePreview.swift in Sources */,
				F0996A292C725E45002D0CF9 /* Fonts.swift in Sources */,
				F0CAC65F2C82250300A65C71 /* openURL.swift in Sources */,
				F0A2939B2C6D2C6E00135381 /* LanguageCoordinator+CurrentLanguage.swift in Sources */,
				F0A2938D2C6D29EF00135381 /* UIContent.swift in Sources */,
				F0CAC6642C82254B00A65C71 /* AppReleaseInfo.swift in Sources */,
			);
			runOnlyForDeploymentPostprocessing = 0;
		};
/* End PBXSourcesBuildPhase section */

/* Begin XCBuildConfiguration section */
		F0A293792C6D276900135381 /* Debug */ = {
			isa = XCBuildConfiguration;
			buildSettings = {
				ALWAYS_SEARCH_USER_PATHS = NO;
				ASSETCATALOG_COMPILER_GENERATE_SWIFT_ASSET_SYMBOL_EXTENSIONS = YES;
				CLANG_ANALYZER_NONNULL = YES;
				CLANG_ANALYZER_NUMBER_OBJECT_CONVERSION = YES_AGGRESSIVE;
				CLANG_CXX_LANGUAGE_STANDARD = "gnu++20";
				CLANG_ENABLE_MODULES = YES;
				CLANG_ENABLE_OBJC_ARC = YES;
				CLANG_ENABLE_OBJC_WEAK = YES;
				CLANG_WARN_BLOCK_CAPTURE_AUTORELEASING = YES;
				CLANG_WARN_BOOL_CONVERSION = YES;
				CLANG_WARN_COMMA = YES;
				CLANG_WARN_CONSTANT_CONVERSION = YES;
				CLANG_WARN_DEPRECATED_OBJC_IMPLEMENTATIONS = YES;
				CLANG_WARN_DIRECT_OBJC_ISA_USAGE = YES_ERROR;
				CLANG_WARN_DOCUMENTATION_COMMENTS = YES;
				CLANG_WARN_EMPTY_BODY = YES;
				CLANG_WARN_ENUM_CONVERSION = YES;
				CLANG_WARN_INFINITE_RECURSION = YES;
				CLANG_WARN_INT_CONVERSION = YES;
				CLANG_WARN_NON_LITERAL_NULL_CONVERSION = YES;
				CLANG_WARN_OBJC_IMPLICIT_RETAIN_SELF = YES;
				CLANG_WARN_OBJC_LITERAL_CONVERSION = YES;
				CLANG_WARN_OBJC_ROOT_CLASS = YES_ERROR;
				CLANG_WARN_QUOTED_INCLUDE_IN_FRAMEWORK_HEADER = YES;
				CLANG_WARN_RANGE_LOOP_ANALYSIS = YES;
				CLANG_WARN_STRICT_PROTOTYPES = YES;
				CLANG_WARN_SUSPICIOUS_MOVE = YES;
				CLANG_WARN_UNGUARDED_AVAILABILITY = YES_AGGRESSIVE;
				CLANG_WARN_UNREACHABLE_CODE = YES;
				CLANG_WARN__DUPLICATE_METHOD_MATCH = YES;
				COPY_PHASE_STRIP = NO;
				DEBUG_INFORMATION_FORMAT = dwarf;
				ENABLE_STRICT_OBJC_MSGSEND = YES;
				ENABLE_TESTABILITY = YES;
				ENABLE_USER_SCRIPT_SANDBOXING = YES;
				GCC_C_LANGUAGE_STANDARD = gnu17;
				GCC_DYNAMIC_NO_PIC = NO;
				GCC_NO_COMMON_BLOCKS = YES;
				GCC_OPTIMIZATION_LEVEL = 0;
				GCC_PREPROCESSOR_DEFINITIONS = (
					"DEBUG=1",
					"$(inherited)",
				);
				GCC_WARN_64_TO_32_BIT_CONVERSION = YES;
				GCC_WARN_ABOUT_RETURN_TYPE = YES_ERROR;
				GCC_WARN_UNDECLARED_SELECTOR = YES;
				GCC_WARN_UNINITIALIZED_AUTOS = YES_AGGRESSIVE;
				GCC_WARN_UNUSED_FUNCTION = YES;
				GCC_WARN_UNUSED_VARIABLE = YES;
				IPHONEOS_DEPLOYMENT_TARGET = 17.5;
				LOCALIZATION_PREFERS_STRING_CATALOGS = YES;
				MTL_ENABLE_DEBUG_INFO = INCLUDE_SOURCE;
				MTL_FAST_MATH = YES;
				ONLY_ACTIVE_ARCH = YES;
				SDKROOT = iphoneos;
				SWIFT_ACTIVE_COMPILATION_CONDITIONS = "DEBUG $(inherited)";
				SWIFT_OPTIMIZATION_LEVEL = "-Onone";
			};
			name = Debug;
		};
		F0A2937A2C6D276900135381 /* Release */ = {
			isa = XCBuildConfiguration;
			buildSettings = {
				ALWAYS_SEARCH_USER_PATHS = NO;
				ASSETCATALOG_COMPILER_GENERATE_SWIFT_ASSET_SYMBOL_EXTENSIONS = YES;
				CLANG_ANALYZER_NONNULL = YES;
				CLANG_ANALYZER_NUMBER_OBJECT_CONVERSION = YES_AGGRESSIVE;
				CLANG_CXX_LANGUAGE_STANDARD = "gnu++20";
				CLANG_ENABLE_MODULES = YES;
				CLANG_ENABLE_OBJC_ARC = YES;
				CLANG_ENABLE_OBJC_WEAK = YES;
				CLANG_WARN_BLOCK_CAPTURE_AUTORELEASING = YES;
				CLANG_WARN_BOOL_CONVERSION = YES;
				CLANG_WARN_COMMA = YES;
				CLANG_WARN_CONSTANT_CONVERSION = YES;
				CLANG_WARN_DEPRECATED_OBJC_IMPLEMENTATIONS = YES;
				CLANG_WARN_DIRECT_OBJC_ISA_USAGE = YES_ERROR;
				CLANG_WARN_DOCUMENTATION_COMMENTS = YES;
				CLANG_WARN_EMPTY_BODY = YES;
				CLANG_WARN_ENUM_CONVERSION = YES;
				CLANG_WARN_INFINITE_RECURSION = YES;
				CLANG_WARN_INT_CONVERSION = YES;
				CLANG_WARN_NON_LITERAL_NULL_CONVERSION = YES;
				CLANG_WARN_OBJC_IMPLICIT_RETAIN_SELF = YES;
				CLANG_WARN_OBJC_LITERAL_CONVERSION = YES;
				CLANG_WARN_OBJC_ROOT_CLASS = YES_ERROR;
				CLANG_WARN_QUOTED_INCLUDE_IN_FRAMEWORK_HEADER = YES;
				CLANG_WARN_RANGE_LOOP_ANALYSIS = YES;
				CLANG_WARN_STRICT_PROTOTYPES = YES;
				CLANG_WARN_SUSPICIOUS_MOVE = YES;
				CLANG_WARN_UNGUARDED_AVAILABILITY = YES_AGGRESSIVE;
				CLANG_WARN_UNREACHABLE_CODE = YES;
				CLANG_WARN__DUPLICATE_METHOD_MATCH = YES;
				COPY_PHASE_STRIP = NO;
				DEBUG_INFORMATION_FORMAT = "dwarf-with-dsym";
				ENABLE_NS_ASSERTIONS = NO;
				ENABLE_STRICT_OBJC_MSGSEND = YES;
				ENABLE_USER_SCRIPT_SANDBOXING = YES;
				GCC_C_LANGUAGE_STANDARD = gnu17;
				GCC_NO_COMMON_BLOCKS = YES;
				GCC_WARN_64_TO_32_BIT_CONVERSION = YES;
				GCC_WARN_ABOUT_RETURN_TYPE = YES_ERROR;
				GCC_WARN_UNDECLARED_SELECTOR = YES;
				GCC_WARN_UNINITIALIZED_AUTOS = YES_AGGRESSIVE;
				GCC_WARN_UNUSED_FUNCTION = YES;
				GCC_WARN_UNUSED_VARIABLE = YES;
				IPHONEOS_DEPLOYMENT_TARGET = 17.5;
				LOCALIZATION_PREFERS_STRING_CATALOGS = YES;
				MTL_ENABLE_DEBUG_INFO = NO;
				MTL_FAST_MATH = YES;
				SDKROOT = iphoneos;
				SWIFT_COMPILATION_MODE = wholemodule;
				VALIDATE_PRODUCT = YES;
			};
			name = Release;
		};
		F0A2937C2C6D276900135381 /* Debug */ = {
			isa = XCBuildConfiguration;
			buildSettings = {
				ASSETCATALOG_COMPILER_APPICON_NAME = AppIcon;
				ASSETCATALOG_COMPILER_GLOBAL_ACCENT_COLOR_NAME = AccentColor;
				CODE_SIGN_STYLE = Automatic;
				CURRENT_PROJECT_VERSION = 1;
				DEVELOPMENT_ASSET_PATHS = "\"SwiftUI Starter Project/Preview Content\"";
				DEVELOPMENT_TEAM = 7A7MF4P2T9;
				ENABLE_PREVIEWS = YES;
				GENERATE_INFOPLIST_FILE = YES;
				INFOPLIST_KEY_UIApplicationSceneManifest_Generation = YES;
				INFOPLIST_KEY_UIApplicationSupportsIndirectInputEvents = YES;
				INFOPLIST_KEY_UILaunchScreen_Generation = YES;
				INFOPLIST_KEY_UISupportedInterfaceOrientations_iPad = "UIInterfaceOrientationPortrait UIInterfaceOrientationPortraitUpsideDown UIInterfaceOrientationLandscapeLeft UIInterfaceOrientationLandscapeRight";
				INFOPLIST_KEY_UISupportedInterfaceOrientations_iPhone = "UIInterfaceOrientationPortrait UIInterfaceOrientationLandscapeLeft UIInterfaceOrientationLandscapeRight";
				LD_RUNPATH_SEARCH_PATHS = (
					"$(inherited)",
					"@executable_path/Frameworks",
				);
				MARKETING_VERSION = 1.0;
				PRODUCT_BUNDLE_IDENTIFIER = "com.delasign.SwiftUI-Starter-Project";
				PRODUCT_NAME = "$(TARGET_NAME)";
				SWIFT_EMIT_LOC_STRINGS = YES;
				SWIFT_VERSION = 5.0;
				TARGETED_DEVICE_FAMILY = "1,2";
			};
			name = Debug;
		};
		F0A2937D2C6D276900135381 /* Release */ = {
			isa = XCBuildConfiguration;
			buildSettings = {
				ASSETCATALOG_COMPILER_APPICON_NAME = AppIcon;
				ASSETCATALOG_COMPILER_GLOBAL_ACCENT_COLOR_NAME = AccentColor;
				CODE_SIGN_STYLE = Automatic;
				CURRENT_PROJECT_VERSION = 1;
				DEVELOPMENT_ASSET_PATHS = "\"SwiftUI Starter Project/Preview Content\"";
				DEVELOPMENT_TEAM = 7A7MF4P2T9;
				ENABLE_PREVIEWS = YES;
				GENERATE_INFOPLIST_FILE = YES;
				INFOPLIST_KEY_UIApplicationSceneManifest_Generation = YES;
				INFOPLIST_KEY_UIApplicationSupportsIndirectInputEvents = YES;
				INFOPLIST_KEY_UILaunchScreen_Generation = YES;
				INFOPLIST_KEY_UISupportedInterfaceOrientations_iPad = "UIInterfaceOrientationPortrait UIInterfaceOrientationPortraitUpsideDown UIInterfaceOrientationLandscapeLeft UIInterfaceOrientationLandscapeRight";
				INFOPLIST_KEY_UISupportedInterfaceOrientations_iPhone = "UIInterfaceOrientationPortrait UIInterfaceOrientationLandscapeLeft UIInterfaceOrientationLandscapeRight";
				LD_RUNPATH_SEARCH_PATHS = (
					"$(inherited)",
					"@executable_path/Frameworks",
				);
				MARKETING_VERSION = 1.0;
				PRODUCT_BUNDLE_IDENTIFIER = "com.delasign.SwiftUI-Starter-Project";
				PRODUCT_NAME = "$(TARGET_NAME)";
				SWIFT_EMIT_LOC_STRINGS = YES;
				SWIFT_VERSION = 5.0;
				TARGETED_DEVICE_FAMILY = "1,2";
			};
			name = Release;
		};
/* End XCBuildConfiguration section */

/* Begin XCConfigurationList section */
		F0A293682C6D276800135381 /* Build configuration list for PBXProject "SwiftUI Starter Project" */ = {
			isa = XCConfigurationList;
			buildConfigurations = (
				F0A293792C6D276900135381 /* Debug */,
				F0A2937A2C6D276900135381 /* Release */,
			);
			defaultConfigurationIsVisible = 0;
			defaultConfigurationName = Release;
		};
		F0A2937B2C6D276900135381 /* Build configuration list for PBXNativeTarget "SwiftUI Starter Project" */ = {
			isa = XCConfigurationList;
			buildConfigurations = (
				F0A2937C2C6D276900135381 /* Debug */,
				F0A2937D2C6D276900135381 /* Release */,
			);
			defaultConfigurationIsVisible = 0;
			defaultConfigurationName = Release;
		};
/* End XCConfigurationList section */

/* Begin XCLocalSwiftPackageReference section */
		F0996A1F2C6E4F01002D0CF9 /* XCLocalSwiftPackageReference "Macros/StringJSON" */ = {
			isa = XCLocalSwiftPackageReference;
			relativePath = Macros/StringJSON;
		};
/* End XCLocalSwiftPackageReference section */

/* Begin XCSwiftPackageProductDependency section */
		F0996A202C6E4F01002D0CF9 /* StringJSON */ = {
			isa = XCSwiftPackageProductDependency;
			productName = StringJSON;
		};
/* End XCSwiftPackageProductDependency section */
	};
	rootObject = F0A293652C6D276800135381 /* Project object */;
}
